
Microsoft Visual Studio Solution File, Format Version 12.00
# Visual Studio Version 17
VisualStudioVersion = 17.14.37027.9 d17.14
MinimumVisualStudioVersion = 10.0.40219.1
Project("{888888A0-9F3D-457C-B088-3A5042F75D52}") = "DjangoWebProject1", "DjangoWebProject1\DjangoWebProject1.pyproj", "{C38590A0-89BB-4727-9B87-7CF40F72D047}"
EndProject
Global
	GlobalSection(SolutionConfigurationPlatforms) = preSolution
		Debug|Any CPU = Debug|Any CPU
		Release|Any CPU = Release|Any CPU
	EndGlobalSection
	GlobalSection(ProjectConfigurationPlatforms) = postSolution
		{C38590A0-89BB-4727-9B87-7CF40F72D047}.Debug|Any CPU.ActiveCfg = Debug|Any CPU
		{C38590A0-89BB-4727-9B87-7CF40F72D047}.Debug|Any CPU.Build.0 = Debug|Any CPU
		{C38590A0-89BB-4727-9B87-7CF40F72D047}.Release|Any CPU.ActiveCfg = Release|Any CPU
		{C38590A0-89BB-4727-9B87-7CF40F72D047}.Release|Any CPU.Build.0 = Release|Any CPU
	EndGlobalSection
	GlobalSection(SolutionProperties) = preSolution
		HideSolutionNode = FALSE
	EndGlobalSection
	GlobalSection(ExtensibilityGlobals) = postSolution
		SolutionGuid = {FE43B43A-E7E2-4EE0-B6F8-5A71A1AA4577}
	EndGlobalSection
EndGlobal
